
Microsoft Visual Studio Solution File, Format Version 12.00
# Visual Studio Version 17
VisualStudioVersion = 17.6.33829.357
MinimumVisualStudioVersion = 10.0.40219.1
Project("{FAE04EC0-301F-11D3-BF4B-00C04F79EFBC}") = "PMSOFTBookTestTask", "PMSOFTBookTestTask\PMSOFTBookTestTask.csproj", "{6A1DAA1C-0763-46D7-A569-07715290460E}"
EndProject
Project("{FAE04EC0-301F-11D3-BF4B-00C04F79EFBC}") = "PMSOFTBookTestTask.Service", "PMSOFTBookTestTask.Service\PMSOFTBookTestTask.Service.csproj", "{2332E57D-F6BA-4314-9CB4-02CC205CCED6}"
EndProject
Project("{FAE04EC0-301F-11D3-BF4B-00C04F79EFBC}") = "PMSOFTBookTestTask.Repository", "PMSOFTBookTestTask.Repository\PMSOFTBookTestTask.Repository.csproj", "{907D23E4-260F-4BC9-B85F-EA4CC3E299DC}"
EndProject
Global
	GlobalSection(SolutionConfigurationPlatforms) = preSolution
		Debug|Any CPU = Debug|Any CPU
		Release|Any CPU = Release|Any CPU
	EndGlobalSection
	GlobalSection(ProjectConfigurationPlatforms) = postSolution
		{6A1DAA1C-0763-46D7-A569-07715290460E}.Debug|Any CPU.ActiveCfg = Debug|Any CPU
		{6A1DAA1C-0763-46D7-A569-07715290460E}.Debug|Any CPU.Build.0 = Debug|Any CPU
		{6A1DAA1C-0763-46D7-A569-07715290460E}.Release|Any CPU.ActiveCfg = Release|Any CPU
		{6A1DAA1C-0763-46D7-A569-07715290460E}.Release|Any CPU.Build.0 = Release|Any CPU
		{2332E57D-F6BA-4314-9CB4-02CC205CCED6}.Debug|Any CPU.ActiveCfg = Debug|Any CPU
		{2332E57D-F6BA-4314-9CB4-02CC205CCED6}.Debug|Any CPU.Build.0 = Debug|Any CPU
		{2332E57D-F6BA-4314-9CB4-02CC205CCED6}.Release|Any CPU.ActiveCfg = Release|Any CPU
		{2332E57D-F6BA-4314-9CB4-02CC205CCED6}.Release|Any CPU.Build.0 = Release|Any CPU
		{907D23E4-260F-4BC9-B85F-EA4CC3E299DC}.Debug|Any CPU.ActiveCfg = Debug|Any CPU
		{907D23E4-260F-4BC9-B85F-EA4CC3E299DC}.Debug|Any CPU.Build.0 = Debug|Any CPU
		{907D23E4-260F-4BC9-B85F-EA4CC3E299DC}.Release|Any CPU.ActiveCfg = Release|Any CPU
		{907D23E4-260F-4BC9-B85F-EA4CC3E299DC}.Release|Any CPU.Build.0 = Release|Any CPU
	EndGlobalSection
	GlobalSection(SolutionProperties) = preSolution
		HideSolutionNode = FALSE
	EndGlobalSection
	GlobalSection(ExtensibilityGlobals) = postSolution
		SolutionGuid = {5148D0D3-3C9A-4396-AC2F-194ED687E13B}
	EndGlobalSection
EndGlobal
